
Microsoft Visual Studio Solution File, Format Version 12.00
# Visual Studio 14
VisualStudioVersion = 14.0.25123.0
MinimumVisualStudioVersion = 10.0.40219.1
Project("{FAE04EC0-301F-11D3-BF4B-00C04F79EFBC}") = "GW2NET.Core", "src\GW2NET.Core\GW2NET.Core.csproj", "{05F3D999-0470-4123-8C80-AF4AC2385E7C}"
EndProject
Project("{FAE04EC0-301F-11D3-BF4B-00C04F79EFBC}") = "GW2NET.Newtonsoft", "src\GW2NET.Newtonsoft\GW2NET.Newtonsoft.csproj", "{11BB8977-33FE-4789-BD5B-D977B0BF5ECF}"
EndProject
Project("{FAE04EC0-301F-11D3-BF4B-00C04F79EFBC}") = "GW2NET.MumbleLink", "src\GW2NET.MumbleLink\GW2NET.MumbleLink.csproj", "{190833B0-3E2E-4C89-9C29-BF577C02219B}"
EndProject
Project("{FAE04EC0-301F-11D3-BF4B-00C04F79EFBC}") = "GW2NET", "src\GW2NET\GW2NET.csproj", "{48C94F34-B6BD-4BDD-A0D5-36403A86FB78}"
EndProject
Project("{FAE04EC0-301F-11D3-BF4B-00C04F79EFBC}") = "GW2NET.Compression", "src\GW2NET.Compression\GW2NET.Compression.csproj", "{08D936E1-C097-4196-8128-C2493F8D7E47}"
EndProject
Project("{2150E333-8FDC-42A3-9474-1A3956D46DE8}") = "Modules", "Modules", "{DC15FF50-B771-4A5D-8462-FD1F22AD8B9A}"
EndProject
Project("{2150E333-8FDC-42A3-9474-1A3956D46DE8}") = "ModuleTests", "ModuleTests", "{FCC45D61-5774-47CF-9689-4E2DFCF4ABAA}"
EndProject
Project("{FAE04EC0-301F-11D3-BF4B-00C04F79EFBC}") = "GW2NET.MapInformation", "src\GW2NET.MapInformation\GW2NET.MapInformation.csproj", "{892B1961-7A94-4FED-A707-94D5F925B30A}"
EndProject
Project("{FAE04EC0-301F-11D3-BF4B-00C04F79EFBC}") = "GW2NET.Miscellaneous", "src\GW2NET.Miscellaneous\GW2NET.Miscellaneous.csproj", "{F6ACB1B0-D8C3-4C93-A117-A70DC2C29C62}"
EndProject
Project("{FAE04EC0-301F-11D3-BF4B-00C04F79EFBC}") = "GW2NET.TradingPost", "src\GW2NET.TradingPost\GW2NET.TradingPost.csproj", "{5A7DAA17-1B46-4913-8126-94BA4130E599}"
EndProject
Project("{FAE04EC0-301F-11D3-BF4B-00C04F79EFBC}") = "GW2NET.Guilds", "src\GW2NET.Guilds\GW2NET.Guilds.csproj", "{74C2F4A0-FDB0-4333-B128-ACDCE461DED2}"
EndProject
Project("{FAE04EC0-301F-11D3-BF4B-00C04F79EFBC}") = "GW2NET.Items", "src\GW2NET.Items\GW2NET.Items.csproj", "{5583E674-FD1C-4F0A-A8FE-E20F1E789F70}"
EndProject
Project("{FAE04EC0-301F-11D3-BF4B-00C04F79EFBC}") = "GW2NET.Authenticated", "src\GW2NET.Authenticated\GW2NET.Authenticated.csproj", "{32C9D788-318F-4FB1-B4DA-105FB89D2A6D}"
EndProject
Project("{FAE04EC0-301F-11D3-BF4B-00C04F79EFBC}") = "GW2NET.Authenticated.Tests", "test\GW2NET.Authenticated.Tests\GW2NET.Authenticated.Tests.csproj", "{6F1489F7-8AA0-4AD4-B6D8-BCAC3F51D897}"
EndProject
Project("{FAE04EC0-301F-11D3-BF4B-00C04F79EFBC}") = "GW2NET.Guilds.Tests", "test\GW2NET.Guilds.Tests\GW2NET.Guilds.Tests.csproj", "{D1761CC9-A6DC-4DD9-91D9-E83DEB6DF7DD}"
EndProject
Project("{FAE04EC0-301F-11D3-BF4B-00C04F79EFBC}") = "GW2NET.Items.Test", "test\GW2NET.Items.Test\GW2NET.Items.Test.csproj", "{8CD128A2-A80A-4336-BC7D-68618D248680}"
EndProject
Project("{FAE04EC0-301F-11D3-BF4B-00C04F79EFBC}") = "GW2NET.MumbleLink.Tests", "test\GW2NET.MumbleLink.Tests\GW2NET.MumbleLink.Tests.csproj", "{FC0BDFF8-D50B-44B7-8493-FB87B74F54B8}"
EndProject
Project("{FAE04EC0-301F-11D3-BF4B-00C04F79EFBC}") = "GW2NET.Tests", "test\GW2.NET.Tests\GW2NET.Tests.csproj", "{D138871F-94ED-4BB0-999A-2ACD3732DF30}"
EndProject
Project("{FAE04EC0-301F-11D3-BF4B-00C04F79EFBC}") = "GW2NET.MapInformation.Tests", "test\GW2NET.MapInformation.Tests\GW2NET.MapInformation.Tests.csproj", "{6D6DC8AA-2066-4C1C-A1C9-092F35E35F4C}"
EndProject
Project("{FAE04EC0-301F-11D3-BF4B-00C04F79EFBC}") = "GW2NET.Miscellaneous.Tests", "test\GW2NET.Miscellaneous.Tests\GW2NET.Miscellaneous.Tests.csproj", "{33AC1C20-677E-4A3C-9D45-46CD6B6F509B}"
EndProject
Project("{FAE04EC0-301F-11D3-BF4B-00C04F79EFBC}") = "GW2NET.TradingPost.Tests", "test\GW2NET.TradingPost.Tests\GW2NET.TradingPost.Tests.csproj", "{CFB17C2D-B964-4844-AC51-FB3012F4940E}"
EndProject
Project("{FAE04EC0-301F-11D3-BF4B-00C04F79EFBC}") = "GW2NET.Achievements", "src\GW2NET.Achievements\GW2NET.Achievements.csproj", "{7145F821-D2ED-4704-A659-5A309629BCE7}"
EndProject
Global
	GlobalSection(SolutionConfigurationPlatforms) = preSolution
		Benchmark|Any CPU = Benchmark|Any CPU
		Debug|Any CPU = Debug|Any CPU
		DebugCC|Any CPU = DebugCC|Any CPU
		Release|Any CPU = Release|Any CPU
	EndGlobalSection
	GlobalSection(ProjectConfigurationPlatforms) = postSolution
		{05F3D999-0470-4123-8C80-AF4AC2385E7C}.Benchmark|Any CPU.ActiveCfg = Release|Any CPU
		{05F3D999-0470-4123-8C80-AF4AC2385E7C}.Benchmark|Any CPU.Build.0 = Release|Any CPU
		{05F3D999-0470-4123-8C80-AF4AC2385E7C}.Debug|Any CPU.ActiveCfg = Debug|Any CPU
		{05F3D999-0470-4123-8C80-AF4AC2385E7C}.Debug|Any CPU.Build.0 = Debug|Any CPU
		{05F3D999-0470-4123-8C80-AF4AC2385E7C}.DebugCC|Any CPU.ActiveCfg = Debug|Any CPU
		{05F3D999-0470-4123-8C80-AF4AC2385E7C}.DebugCC|Any CPU.Build.0 = Debug|Any CPU
		{05F3D999-0470-4123-8C80-AF4AC2385E7C}.Release|Any CPU.ActiveCfg = Release|Any CPU
		{05F3D999-0470-4123-8C80-AF4AC2385E7C}.Release|Any CPU.Build.0 = Release|Any CPU
		{11BB8977-33FE-4789-BD5B-D977B0BF5ECF}.Benchmark|Any CPU.ActiveCfg = Release|Any CPU
		{11BB8977-33FE-4789-BD5B-D977B0BF5ECF}.Benchmark|Any CPU.Build.0 = Release|Any CPU
		{11BB8977-33FE-4789-BD5B-D977B0BF5ECF}.Debug|Any CPU.ActiveCfg = Debug|Any CPU
		{11BB8977-33FE-4789-BD5B-D977B0BF5ECF}.Debug|Any CPU.Build.0 = Debug|Any CPU
		{11BB8977-33FE-4789-BD5B-D977B0BF5ECF}.DebugCC|Any CPU.ActiveCfg = Debug|Any CPU
		{11BB8977-33FE-4789-BD5B-D977B0BF5ECF}.DebugCC|Any CPU.Build.0 = Debug|Any CPU
		{11BB8977-33FE-4789-BD5B-D977B0BF5ECF}.Release|Any CPU.ActiveCfg = Release|Any CPU
		{11BB8977-33FE-4789-BD5B-D977B0BF5ECF}.Release|Any CPU.Build.0 = Release|Any CPU
		{190833B0-3E2E-4C89-9C29-BF577C02219B}.Benchmark|Any CPU.ActiveCfg = Release|Any CPU
		{190833B0-3E2E-4C89-9C29-BF577C02219B}.Benchmark|Any CPU.Build.0 = Release|Any CPU
		{190833B0-3E2E-4C89-9C29-BF577C02219B}.Debug|Any CPU.ActiveCfg = Debug|Any CPU
		{190833B0-3E2E-4C89-9C29-BF577C02219B}.Debug|Any CPU.Build.0 = Debug|Any CPU
		{190833B0-3E2E-4C89-9C29-BF577C02219B}.DebugCC|Any CPU.ActiveCfg = Debug|Any CPU
		{190833B0-3E2E-4C89-9C29-BF577C02219B}.DebugCC|Any CPU.Build.0 = Debug|Any CPU
		{190833B0-3E2E-4C89-9C29-BF577C02219B}.Release|Any CPU.ActiveCfg = Release|Any CPU
		{190833B0-3E2E-4C89-9C29-BF577C02219B}.Release|Any CPU.Build.0 = Release|Any CPU
		{48C94F34-B6BD-4BDD-A0D5-36403A86FB78}.Benchmark|Any CPU.ActiveCfg = Release|Any CPU
		{48C94F34-B6BD-4BDD-A0D5-36403A86FB78}.Benchmark|Any CPU.Build.0 = Release|Any CPU
		{48C94F34-B6BD-4BDD-A0D5-36403A86FB78}.Debug|Any CPU.ActiveCfg = Debug|Any CPU
		{48C94F34-B6BD-4BDD-A0D5-36403A86FB78}.Debug|Any CPU.Build.0 = Debug|Any CPU
		{48C94F34-B6BD-4BDD-A0D5-36403A86FB78}.DebugCC|Any CPU.ActiveCfg = Debug|Any CPU
		{48C94F34-B6BD-4BDD-A0D5-36403A86FB78}.DebugCC|Any CPU.Build.0 = Debug|Any CPU
		{48C94F34-B6BD-4BDD-A0D5-36403A86FB78}.Release|Any CPU.ActiveCfg = Release|Any CPU
		{48C94F34-B6BD-4BDD-A0D5-36403A86FB78}.Release|Any CPU.Build.0 = Release|Any CPU
		{08D936E1-C097-4196-8128-C2493F8D7E47}.Benchmark|Any CPU.ActiveCfg = Release|Any CPU
		{08D936E1-C097-4196-8128-C2493F8D7E47}.Benchmark|Any CPU.Build.0 = Release|Any CPU
		{08D936E1-C097-4196-8128-C2493F8D7E47}.Debug|Any CPU.ActiveCfg = Debug|Any CPU
		{08D936E1-C097-4196-8128-C2493F8D7E47}.Debug|Any CPU.Build.0 = Debug|Any CPU
		{08D936E1-C097-4196-8128-C2493F8D7E47}.DebugCC|Any CPU.ActiveCfg = Debug|Any CPU
		{08D936E1-C097-4196-8128-C2493F8D7E47}.DebugCC|Any CPU.Build.0 = Debug|Any CPU
		{08D936E1-C097-4196-8128-C2493F8D7E47}.Release|Any CPU.ActiveCfg = Release|Any CPU
		{08D936E1-C097-4196-8128-C2493F8D7E47}.Release|Any CPU.Build.0 = Release|Any CPU
		{892B1961-7A94-4FED-A707-94D5F925B30A}.Benchmark|Any CPU.ActiveCfg = Release|Any CPU
		{892B1961-7A94-4FED-A707-94D5F925B30A}.Benchmark|Any CPU.Build.0 = Release|Any CPU
		{892B1961-7A94-4FED-A707-94D5F925B30A}.Debug|Any CPU.ActiveCfg = Debug|Any CPU
		{892B1961-7A94-4FED-A707-94D5F925B30A}.Debug|Any CPU.Build.0 = Debug|Any CPU
		{892B1961-7A94-4FED-A707-94D5F925B30A}.DebugCC|Any CPU.ActiveCfg = Debug|Any CPU
		{892B1961-7A94-4FED-A707-94D5F925B30A}.DebugCC|Any CPU.Build.0 = Debug|Any CPU
		{892B1961-7A94-4FED-A707-94D5F925B30A}.Release|Any CPU.ActiveCfg = Release|Any CPU
		{892B1961-7A94-4FED-A707-94D5F925B30A}.Release|Any CPU.Build.0 = Release|Any CPU
		{F6ACB1B0-D8C3-4C93-A117-A70DC2C29C62}.Benchmark|Any CPU.ActiveCfg = Release|Any CPU
		{F6ACB1B0-D8C3-4C93-A117-A70DC2C29C62}.Benchmark|Any CPU.Build.0 = Release|Any CPU
		{F6ACB1B0-D8C3-4C93-A117-A70DC2C29C62}.Debug|Any CPU.ActiveCfg = Debug|Any CPU
		{F6ACB1B0-D8C3-4C93-A117-A70DC2C29C62}.Debug|Any CPU.Build.0 = Debug|Any CPU
		{F6ACB1B0-D8C3-4C93-A117-A70DC2C29C62}.DebugCC|Any CPU.ActiveCfg = Debug|Any CPU
		{F6ACB1B0-D8C3-4C93-A117-A70DC2C29C62}.DebugCC|Any CPU.Build.0 = Debug|Any CPU
		{F6ACB1B0-D8C3-4C93-A117-A70DC2C29C62}.Release|Any CPU.ActiveCfg = Release|Any CPU
		{F6ACB1B0-D8C3-4C93-A117-A70DC2C29C62}.Release|Any CPU.Build.0 = Release|Any CPU
		{5A7DAA17-1B46-4913-8126-94BA4130E599}.Benchmark|Any CPU.ActiveCfg = Release|Any CPU
		{5A7DAA17-1B46-4913-8126-94BA4130E599}.Benchmark|Any CPU.Build.0 = Release|Any CPU
		{5A7DAA17-1B46-4913-8126-94BA4130E599}.Debug|Any CPU.ActiveCfg = Debug|Any CPU
		{5A7DAA17-1B46-4913-8126-94BA4130E599}.Debug|Any CPU.Build.0 = Debug|Any CPU
		{5A7DAA17-1B46-4913-8126-94BA4130E599}.DebugCC|Any CPU.ActiveCfg = Debug|Any CPU
		{5A7DAA17-1B46-4913-8126-94BA4130E599}.DebugCC|Any CPU.Build.0 = Debug|Any CPU
		{5A7DAA17-1B46-4913-8126-94BA4130E599}.Release|Any CPU.ActiveCfg = Release|Any CPU
		{5A7DAA17-1B46-4913-8126-94BA4130E599}.Release|Any CPU.Build.0 = Release|Any CPU
		{74C2F4A0-FDB0-4333-B128-ACDCE461DED2}.Benchmark|Any CPU.ActiveCfg = Release|Any CPU
		{74C2F4A0-FDB0-4333-B128-ACDCE461DED2}.Benchmark|Any CPU.Build.0 = Release|Any CPU
		{74C2F4A0-FDB0-4333-B128-ACDCE461DED2}.Debug|Any CPU.ActiveCfg = Debug|Any CPU
		{74C2F4A0-FDB0-4333-B128-ACDCE461DED2}.Debug|Any CPU.Build.0 = Debug|Any CPU
		{74C2F4A0-FDB0-4333-B128-ACDCE461DED2}.DebugCC|Any CPU.ActiveCfg = Debug|Any CPU
		{74C2F4A0-FDB0-4333-B128-ACDCE461DED2}.DebugCC|Any CPU.Build.0 = Debug|Any CPU
		{74C2F4A0-FDB0-4333-B128-ACDCE461DED2}.Release|Any CPU.ActiveCfg = Release|Any CPU
		{74C2F4A0-FDB0-4333-B128-ACDCE461DED2}.Release|Any CPU.Build.0 = Release|Any CPU
		{5583E674-FD1C-4F0A-A8FE-E20F1E789F70}.Benchmark|Any CPU.ActiveCfg = Release|Any CPU
		{5583E674-FD1C-4F0A-A8FE-E20F1E789F70}.Benchmark|Any CPU.Build.0 = Release|Any CPU
		{5583E674-FD1C-4F0A-A8FE-E20F1E789F70}.Debug|Any CPU.ActiveCfg = Debug|Any CPU
		{5583E674-FD1C-4F0A-A8FE-E20F1E789F70}.Debug|Any CPU.Build.0 = Debug|Any CPU
		{5583E674-FD1C-4F0A-A8FE-E20F1E789F70}.DebugCC|Any CPU.ActiveCfg = Debug|Any CPU
		{5583E674-FD1C-4F0A-A8FE-E20F1E789F70}.DebugCC|Any CPU.Build.0 = Debug|Any CPU
		{5583E674-FD1C-4F0A-A8FE-E20F1E789F70}.Release|Any CPU.ActiveCfg = Release|Any CPU
		{5583E674-FD1C-4F0A-A8FE-E20F1E789F70}.Release|Any CPU.Build.0 = Release|Any CPU
		{32C9D788-318F-4FB1-B4DA-105FB89D2A6D}.Benchmark|Any CPU.ActiveCfg = Release|Any CPU
		{32C9D788-318F-4FB1-B4DA-105FB89D2A6D}.Benchmark|Any CPU.Build.0 = Release|Any CPU
		{32C9D788-318F-4FB1-B4DA-105FB89D2A6D}.Debug|Any CPU.ActiveCfg = Debug|Any CPU
		{32C9D788-318F-4FB1-B4DA-105FB89D2A6D}.Debug|Any CPU.Build.0 = Debug|Any CPU
		{32C9D788-318F-4FB1-B4DA-105FB89D2A6D}.DebugCC|Any CPU.ActiveCfg = Debug|Any CPU
		{32C9D788-318F-4FB1-B4DA-105FB89D2A6D}.DebugCC|Any CPU.Build.0 = Debug|Any CPU
		{32C9D788-318F-4FB1-B4DA-105FB89D2A6D}.Release|Any CPU.ActiveCfg = Release|Any CPU
		{32C9D788-318F-4FB1-B4DA-105FB89D2A6D}.Release|Any CPU.Build.0 = Release|Any CPU
		{6F1489F7-8AA0-4AD4-B6D8-BCAC3F51D897}.Benchmark|Any CPU.ActiveCfg = Release|Any CPU
		{6F1489F7-8AA0-4AD4-B6D8-BCAC3F51D897}.Benchmark|Any CPU.Build.0 = Release|Any CPU
		{6F1489F7-8AA0-4AD4-B6D8-BCAC3F51D897}.Debug|Any CPU.ActiveCfg = Debug|Any CPU
		{6F1489F7-8AA0-4AD4-B6D8-BCAC3F51D897}.Debug|Any CPU.Build.0 = Debug|Any CPU
		{6F1489F7-8AA0-4AD4-B6D8-BCAC3F51D897}.DebugCC|Any CPU.ActiveCfg = Debug|Any CPU
		{6F1489F7-8AA0-4AD4-B6D8-BCAC3F51D897}.DebugCC|Any CPU.Build.0 = Debug|Any CPU
		{6F1489F7-8AA0-4AD4-B6D8-BCAC3F51D897}.Release|Any CPU.ActiveCfg = Release|Any CPU
		{6F1489F7-8AA0-4AD4-B6D8-BCAC3F51D897}.Release|Any CPU.Build.0 = Release|Any CPU
		{D1761CC9-A6DC-4DD9-91D9-E83DEB6DF7DD}.Benchmark|Any CPU.ActiveCfg = Release|Any CPU
		{D1761CC9-A6DC-4DD9-91D9-E83DEB6DF7DD}.Benchmark|Any CPU.Build.0 = Release|Any CPU
		{D1761CC9-A6DC-4DD9-91D9-E83DEB6DF7DD}.Debug|Any CPU.ActiveCfg = Debug|Any CPU
		{D1761CC9-A6DC-4DD9-91D9-E83DEB6DF7DD}.Debug|Any CPU.Build.0 = Debug|Any CPU
		{D1761CC9-A6DC-4DD9-91D9-E83DEB6DF7DD}.DebugCC|Any CPU.ActiveCfg = Debug|Any CPU
		{D1761CC9-A6DC-4DD9-91D9-E83DEB6DF7DD}.DebugCC|Any CPU.Build.0 = Debug|Any CPU
		{D1761CC9-A6DC-4DD9-91D9-E83DEB6DF7DD}.Release|Any CPU.ActiveCfg = Release|Any CPU
		{D1761CC9-A6DC-4DD9-91D9-E83DEB6DF7DD}.Release|Any CPU.Build.0 = Release|Any CPU
		{8CD128A2-A80A-4336-BC7D-68618D248680}.Benchmark|Any CPU.ActiveCfg = Release|Any CPU
		{8CD128A2-A80A-4336-BC7D-68618D248680}.Benchmark|Any CPU.Build.0 = Release|Any CPU
		{8CD128A2-A80A-4336-BC7D-68618D248680}.Debug|Any CPU.ActiveCfg = Debug|Any CPU
		{8CD128A2-A80A-4336-BC7D-68618D248680}.Debug|Any CPU.Build.0 = Debug|Any CPU
		{8CD128A2-A80A-4336-BC7D-68618D248680}.DebugCC|Any CPU.ActiveCfg = Debug|Any CPU
		{8CD128A2-A80A-4336-BC7D-68618D248680}.DebugCC|Any CPU.Build.0 = Debug|Any CPU
		{8CD128A2-A80A-4336-BC7D-68618D248680}.Release|Any CPU.ActiveCfg = Release|Any CPU
		{8CD128A2-A80A-4336-BC7D-68618D248680}.Release|Any CPU.Build.0 = Release|Any CPU
		{FC0BDFF8-D50B-44B7-8493-FB87B74F54B8}.Benchmark|Any CPU.ActiveCfg = Release|Any CPU
		{FC0BDFF8-D50B-44B7-8493-FB87B74F54B8}.Benchmark|Any CPU.Build.0 = Release|Any CPU
		{FC0BDFF8-D50B-44B7-8493-FB87B74F54B8}.Debug|Any CPU.ActiveCfg = Debug|Any CPU
		{FC0BDFF8-D50B-44B7-8493-FB87B74F54B8}.Debug|Any CPU.Build.0 = Debug|Any CPU
		{FC0BDFF8-D50B-44B7-8493-FB87B74F54B8}.DebugCC|Any CPU.ActiveCfg = Debug|Any CPU
		{FC0BDFF8-D50B-44B7-8493-FB87B74F54B8}.DebugCC|Any CPU.Build.0 = Debug|Any CPU
		{FC0BDFF8-D50B-44B7-8493-FB87B74F54B8}.Release|Any CPU.ActiveCfg = Release|Any CPU
		{FC0BDFF8-D50B-44B7-8493-FB87B74F54B8}.Release|Any CPU.Build.0 = Release|Any CPU
		{D138871F-94ED-4BB0-999A-2ACD3732DF30}.Benchmark|Any CPU.ActiveCfg = Benchmark|Any CPU
		{D138871F-94ED-4BB0-999A-2ACD3732DF30}.Benchmark|Any CPU.Build.0 = Benchmark|Any CPU
		{D138871F-94ED-4BB0-999A-2ACD3732DF30}.Debug|Any CPU.ActiveCfg = Debug|Any CPU
		{D138871F-94ED-4BB0-999A-2ACD3732DF30}.Debug|Any CPU.Build.0 = Debug|Any CPU
		{D138871F-94ED-4BB0-999A-2ACD3732DF30}.DebugCC|Any CPU.ActiveCfg = DebugCC|Any CPU
		{D138871F-94ED-4BB0-999A-2ACD3732DF30}.DebugCC|Any CPU.Build.0 = DebugCC|Any CPU
		{D138871F-94ED-4BB0-999A-2ACD3732DF30}.Release|Any CPU.ActiveCfg = Release|Any CPU
		{D138871F-94ED-4BB0-999A-2ACD3732DF30}.Release|Any CPU.Build.0 = Release|Any CPU
		{6D6DC8AA-2066-4C1C-A1C9-092F35E35F4C}.Benchmark|Any CPU.ActiveCfg = Release|Any CPU
		{6D6DC8AA-2066-4C1C-A1C9-092F35E35F4C}.Benchmark|Any CPU.Build.0 = Release|Any CPU
		{6D6DC8AA-2066-4C1C-A1C9-092F35E35F4C}.Debug|Any CPU.ActiveCfg = Debug|Any CPU
		{6D6DC8AA-2066-4C1C-A1C9-092F35E35F4C}.Debug|Any CPU.Build.0 = Debug|Any CPU
		{6D6DC8AA-2066-4C1C-A1C9-092F35E35F4C}.DebugCC|Any CPU.ActiveCfg = Debug|Any CPU
		{6D6DC8AA-2066-4C1C-A1C9-092F35E35F4C}.DebugCC|Any CPU.Build.0 = Debug|Any CPU
		{6D6DC8AA-2066-4C1C-A1C9-092F35E35F4C}.Release|Any CPU.ActiveCfg = Release|Any CPU
		{6D6DC8AA-2066-4C1C-A1C9-092F35E35F4C}.Release|Any CPU.Build.0 = Release|Any CPU
		{33AC1C20-677E-4A3C-9D45-46CD6B6F509B}.Benchmark|Any CPU.ActiveCfg = Release|Any CPU
		{33AC1C20-677E-4A3C-9D45-46CD6B6F509B}.Benchmark|Any CPU.Build.0 = Release|Any CPU
		{33AC1C20-677E-4A3C-9D45-46CD6B6F509B}.Debug|Any CPU.ActiveCfg = Debug|Any CPU
		{33AC1C20-677E-4A3C-9D45-46CD6B6F509B}.Debug|Any CPU.Build.0 = Debug|Any CPU
		{33AC1C20-677E-4A3C-9D45-46CD6B6F509B}.DebugCC|Any CPU.ActiveCfg = Debug|Any CPU
		{33AC1C20-677E-4A3C-9D45-46CD6B6F509B}.DebugCC|Any CPU.Build.0 = Debug|Any CPU
		{33AC1C20-677E-4A3C-9D45-46CD6B6F509B}.Release|Any CPU.ActiveCfg = Release|Any CPU
		{33AC1C20-677E-4A3C-9D45-46CD6B6F509B}.Release|Any CPU.Build.0 = Release|Any CPU
		{CFB17C2D-B964-4844-AC51-FB3012F4940E}.Benchmark|Any CPU.ActiveCfg = Release|Any CPU
		{CFB17C2D-B964-4844-AC51-FB3012F4940E}.Benchmark|Any CPU.Build.0 = Release|Any CPU
		{CFB17C2D-B964-4844-AC51-FB3012F4940E}.Debug|Any CPU.ActiveCfg = Debug|Any CPU
		{CFB17C2D-B964-4844-AC51-FB3012F4940E}.Debug|Any CPU.Build.0 = Debug|Any CPU
		{CFB17C2D-B964-4844-AC51-FB3012F4940E}.DebugCC|Any CPU.ActiveCfg = Debug|Any CPU
		{CFB17C2D-B964-4844-AC51-FB3012F4940E}.DebugCC|Any CPU.Build.0 = Debug|Any CPU
		{CFB17C2D-B964-4844-AC51-FB3012F4940E}.Release|Any CPU.ActiveCfg = Release|Any CPU
		{CFB17C2D-B964-4844-AC51-FB3012F4940E}.Release|Any CPU.Build.0 = Release|Any CPU
		{7145F821-D2ED-4704-A659-5A309629BCE7}.Benchmark|Any CPU.ActiveCfg = Release|Any CPU
		{7145F821-D2ED-4704-A659-5A309629BCE7}.Benchmark|Any CPU.Build.0 = Release|Any CPU
		{7145F821-D2ED-4704-A659-5A309629BCE7}.Debug|Any CPU.ActiveCfg = Debug|Any CPU
		{7145F821-D2ED-4704-A659-5A309629BCE7}.Debug|Any CPU.Build.0 = Debug|Any CPU
		{7145F821-D2ED-4704-A659-5A309629BCE7}.DebugCC|Any CPU.ActiveCfg = Debug|Any CPU
		{7145F821-D2ED-4704-A659-5A309629BCE7}.DebugCC|Any CPU.Build.0 = Debug|Any CPU
		{7145F821-D2ED-4704-A659-5A309629BCE7}.Release|Any CPU.ActiveCfg = Release|Any CPU
		{7145F821-D2ED-4704-A659-5A309629BCE7}.Release|Any CPU.Build.0 = Release|Any CPU
	EndGlobalSection
	GlobalSection(SolutionProperties) = preSolution
		HideSolutionNode = FALSE
	EndGlobalSection
	GlobalSection(NestedProjects) = preSolution
		{892B1961-7A94-4FED-A707-94D5F925B30A} = {DC15FF50-B771-4A5D-8462-FD1F22AD8B9A}
		{F6ACB1B0-D8C3-4C93-A117-A70DC2C29C62} = {DC15FF50-B771-4A5D-8462-FD1F22AD8B9A}
		{5A7DAA17-1B46-4913-8126-94BA4130E599} = {DC15FF50-B771-4A5D-8462-FD1F22AD8B9A}
		{74C2F4A0-FDB0-4333-B128-ACDCE461DED2} = {DC15FF50-B771-4A5D-8462-FD1F22AD8B9A}
		{5583E674-FD1C-4F0A-A8FE-E20F1E789F70} = {DC15FF50-B771-4A5D-8462-FD1F22AD8B9A}
		{32C9D788-318F-4FB1-B4DA-105FB89D2A6D} = {DC15FF50-B771-4A5D-8462-FD1F22AD8B9A}
		{6F1489F7-8AA0-4AD4-B6D8-BCAC3F51D897} = {FCC45D61-5774-47CF-9689-4E2DFCF4ABAA}
		{D1761CC9-A6DC-4DD9-91D9-E83DEB6DF7DD} = {FCC45D61-5774-47CF-9689-4E2DFCF4ABAA}
		{8CD128A2-A80A-4336-BC7D-68618D248680} = {FCC45D61-5774-47CF-9689-4E2DFCF4ABAA}
		{6D6DC8AA-2066-4C1C-A1C9-092F35E35F4C} = {FCC45D61-5774-47CF-9689-4E2DFCF4ABAA}
		{33AC1C20-677E-4A3C-9D45-46CD6B6F509B} = {FCC45D61-5774-47CF-9689-4E2DFCF4ABAA}
		{CFB17C2D-B964-4844-AC51-FB3012F4940E} = {FCC45D61-5774-47CF-9689-4E2DFCF4ABAA}
		{7145F821-D2ED-4704-A659-5A309629BCE7} = {DC15FF50-B771-4A5D-8462-FD1F22AD8B9A}
	EndGlobalSection
EndGlobal
